github.com/PuerkitoBio/goquery v1.10.2 h1:7fh2BdHcG6VFZsK7toXBT/Bh1z5Wmy8Q9MV9HqT2AM8=
github.com/PuerkitoBio/goquery v1.10.2/go.mod h1:0guWGjcLu9AYC7C1GHnpysHy056u9aEkUHwhdnePMCU=
github.com/andybalholm/cascadia v1.3.3 h1:AG2YHrzJIm4BZ19iwJ/DAua6Btl3IwJX+VI4kktS1LM=
github.com/andybalholm/cascadia v1.3.3/go.mod h1:xNd9bqTn98Ln4DwST8/nG+H0yuB8Hmgu1YHNnWw0GeA=
github.com/google/uuid v1.6.0 h1:NIvaJDMOsjHA8n1jAhLSgzrAzy1Hgr+hNrb57e+94F0=
github.com/google/uuid v1.6.0/go.mod h1:TIyPZe4MgqvfeYDBFedMoGGpEw/LqOeaOT+nhxU+yHo=
github.com/mattn/go-sqlite3 v1.14.28 h1:ThEiQrnbtumT+QMknw63Befp/ce/nUPgBPMlRFEum7A=
github.com/mattn/go-sqlite3 v1.14.28/go.mod h1:Uh1q+B4BYcTPb+yiD3kU8Ct7aC0hY9fxUwlHK0RXw+Y=
github.com/mikestefanello/backlite v0.5.0 h1:6lKZdEYgutdmwV4Id8/t9E/NY14U3fS4/RhiOkFDD4c=
github.com/mikestefanello/backlite v0.5.0/go.mod h1:gx6UKLUQY5OVXQkIm3AzNkyPn9OzoKHKuwM4JGrY4tQ=
golang.org/x/net v0.39.0 h1:ZCu7HMWDxpXpaiKdhzIfaltL9Lp31x/3fCP11bc6/fY=
golang.org/x/net v0.39.0/go.mod h1:X7NRbYVEA+ewNkCNyJ513WmMdQ3BineSwVtN2zD/d+E=
